
Microsoft Visual Studio Solution File, Format Version 12.00
# Visual Studio Version 16
VisualStudioVersion = 16.0.32228.343
MinimumVisualStudioVersion = 10.0.40219.1
Project("{FAE04EC0-301F-11D3-BF4B-00C04F79EFBC}") = "StatePattern", "StatePattern\StatePattern.csproj", "{6A2E71C3-E267-493F-A93E-8EB9CBA0A21D}"
EndProject
Project("{FAE04EC0-301F-11D3-BF4B-00C04F79EFBC}") = "HardStatePattern", "HardStatePattern\HardStatePattern.csproj", "{5B07E8DB-A2B4-4314-984E-918E605A7914}"
EndProject
Project("{FAE04EC0-301F-11D3-BF4B-00C04F79EFBC}") = "ClassWork", "ClassWork\ClassWork.csproj", "{77CD6777-1DAE-42A3-82DB-4501D1BB47C8}"
EndProject
Global
	GlobalSection(SolutionConfigurationPlatforms) = preSolution
		Debug|Any CPU = Debug|Any CPU
		Release|Any CPU = Release|Any CPU
	EndGlobalSection
	GlobalSection(ProjectConfigurationPlatforms) = postSolution
		{6A2E71C3-E267-493F-A93E-8EB9CBA0A21D}.Debug|Any CPU.ActiveCfg = Debug|Any CPU
		{6A2E71C3-E267-493F-A93E-8EB9CBA0A21D}.Debug|Any CPU.Build.0 = Debug|Any CPU
		{6A2E71C3-E267-493F-A93E-8EB9CBA0A21D}.Release|Any CPU.ActiveCfg = Release|Any CPU
		{6A2E71C3-E267-493F-A93E-8EB9CBA0A21D}.Release|Any CPU.Build.0 = Release|Any CPU
		{5B07E8DB-A2B4-4314-984E-918E605A7914}.Debug|Any CPU.ActiveCfg = Debug|Any CPU
		{5B07E8DB-A2B4-4314-984E-918E605A7914}.Debug|Any CPU.Build.0 = Debug|Any CPU
		{5B07E8DB-A2B4-4314-984E-918E605A7914}.Release|Any CPU.ActiveCfg = Release|Any CPU
		{5B07E8DB-A2B4-4314-984E-918E605A7914}.Release|Any CPU.Build.0 = Release|Any CPU
		{77CD6777-1DAE-42A3-82DB-4501D1BB47C8}.Debug|Any CPU.ActiveCfg = Debug|Any CPU
		{77CD6777-1DAE-42A3-82DB-4501D1BB47C8}.Debug|Any CPU.Build.0 = Debug|Any CPU
		{77CD6777-1DAE-42A3-82DB-4501D1BB47C8}.Release|Any CPU.ActiveCfg = Release|Any CPU
		{77CD6777-1DAE-42A3-82DB-4501D1BB47C8}.Release|Any CPU.Build.0 = Release|Any CPU
	EndGlobalSection
	GlobalSection(SolutionProperties) = preSolution
		HideSolutionNode = FALSE
	EndGlobalSection
	GlobalSection(ExtensibilityGlobals) = postSolution
		SolutionGuid = {EBEFACA2-7D8A-4192-A9B6-5454A3A5AD82}
	EndGlobalSection
EndGlobal
